
Microsoft Visual Studio Solution File, Format Version 12.00
# Visual Studio Version 17
VisualStudioVersion = 17.13.35913.81 d17.13
MinimumVisualStudioVersion = 10.0.40219.1
Project("{FAE04EC0-301F-11D3-BF4B-00C04F79EFBC}") = "SimpleBoardTest", "SimpleBoardTest\SimpleBoardTest.csproj", "{EBBAF1B4-A06E-4CD9-A367-A98417E09BC5}"
EndProject
Global
	GlobalSection(SolutionConfigurationPlatforms) = preSolution
		Debug|Any CPU = Debug|Any CPU
		Release|Any CPU = Release|Any CPU
	EndGlobalSection
	GlobalSection(ProjectConfigurationPlatforms) = postSolution
		{EBBAF1B4-A06E-4CD9-A367-A98417E09BC5}.Debug|Any CPU.ActiveCfg = Debug|Any CPU
		{EBBAF1B4-A06E-4CD9-A367-A98417E09BC5}.Debug|Any CPU.Build.0 = Debug|Any CPU
		{EBBAF1B4-A06E-4CD9-A367-A98417E09BC5}.Release|Any CPU.ActiveCfg = Release|Any CPU
		{EBBAF1B4-A06E-4CD9-A367-A98417E09BC5}.Release|Any CPU.Build.0 = Release|Any CPU
	EndGlobalSection
	GlobalSection(SolutionProperties) = preSolution
		HideSolutionNode = FALSE
	EndGlobalSection
	GlobalSection(ExtensibilityGlobals) = postSolution
		SolutionGuid = {F51AEC38-C0B1-4805-BD56-074BD3BC1C79}
	EndGlobalSection
EndGlobal
